<Solution>
  <Project Path="Ejercicio 1/Ejercicio 1.csproj" Id="53fcfe16-0907-446f-b0ba-f787330e789b" />
  <Project Path="Ejercicio 2/Ejercicio 2.csproj" Id="7999a977-a1a7-43ef-b993-fed49e35de40" />
  <Project Path="Ejercicio 3/Ejercicio 3.csproj" Id="ae6b799b-0e5f-45f1-ac5a-397f74a8f7c7" />
  <Project Path="Ejercicio 4/Ejercicio 4.csproj" Id="fb927af2-b37c-4422-95fb-298dadd66866" />
  <Project Path="Ejercicio 5/Ejercicio 5.csproj" Id="0c01a39d-4857-44f1-828c-18a47e15af66" />
  <Project Path="Ejercicio 6/Ejercicio 6.csproj" Id="7f0d8482-950f-4a08-868d-cfea43271aac" />
  <Project Path="Ejercicio 7/Ejercicio 7.csproj" Id="220f4a45-78c0-49bd-9e5e-cf614917c303" />
</Solution>
